
Microsoft Visual Studio Solution File, Format Version 12.00
# Visual Studio Version 16
VisualStudioVersion = 16.0.31729.503
MinimumVisualStudioVersion = 10.0.40219.1
Project("{9A19103F-16F7-4668-BE54-9A1E7A4F7556}") = "Lab_pkt", "Lab_pkt\Lab_pkt.csproj", "{F526C6E4-4FBA-4F09-B7CF-6F249F873CE8}"
EndProject
Global
	GlobalSection(SolutionConfigurationPlatforms) = preSolution
		Debug|Any CPU = Debug|Any CPU
		Release|Any CPU = Release|Any CPU
	EndGlobalSection
	GlobalSection(ProjectConfigurationPlatforms) = postSolution
		{F526C6E4-4FBA-4F09-B7CF-6F249F873CE8}.Debug|Any CPU.ActiveCfg = Debug|Any CPU
		{F526C6E4-4FBA-4F09-B7CF-6F249F873CE8}.Debug|Any CPU.Build.0 = Debug|Any CPU
		{F526C6E4-4FBA-4F09-B7CF-6F249F873CE8}.Release|Any CPU.ActiveCfg = Release|Any CPU
		{F526C6E4-4FBA-4F09-B7CF-6F249F873CE8}.Release|Any CPU.Build.0 = Release|Any CPU
	EndGlobalSection
	GlobalSection(SolutionProperties) = preSolution
		HideSolutionNode = FALSE
	EndGlobalSection
	GlobalSection(ExtensibilityGlobals) = postSolution
		SolutionGuid = {907AF1E1-031B-421A-8170-9325FD03E105}
	EndGlobalSection
EndGlobal
